
Microsoft Visual Studio Solution File, Format Version 12.00
# Visual Studio Version 16
VisualStudioVersion = 16.0.32510.428
MinimumVisualStudioVersion = 10.0.40219.1
Project("{9A19103F-16F7-4668-BE54-9A1E7A4F7556}") = "EmployeeSever", "EmployeeSever\EmployeeSever.csproj", "{ADDE13B3-0A92-421C-BCB8-CA11BC2B705F}"
EndProject
Project("{FAE04EC0-301F-11D3-BF4B-00C04F79EFBC}") = "EmployeeClient", "EmployeeClient\EmployeeClient.csproj", "{EB85719B-A502-46E8-9B79-0A4DBECD3129}"
EndProject
Global
	GlobalSection(SolutionConfigurationPlatforms) = preSolution
		Debug|Any CPU = Debug|Any CPU
		Release|Any CPU = Release|Any CPU
	EndGlobalSection
	GlobalSection(ProjectConfigurationPlatforms) = postSolution
		{ADDE13B3-0A92-421C-BCB8-CA11BC2B705F}.Debug|Any CPU.ActiveCfg = Debug|Any CPU
		{ADDE13B3-0A92-421C-BCB8-CA11BC2B705F}.Debug|Any CPU.Build.0 = Debug|Any CPU
		{ADDE13B3-0A92-421C-BCB8-CA11BC2B705F}.Release|Any CPU.ActiveCfg = Release|Any CPU
		{ADDE13B3-0A92-421C-BCB8-CA11BC2B705F}.Release|Any CPU.Build.0 = Release|Any CPU
		{EB85719B-A502-46E8-9B79-0A4DBECD3129}.Debug|Any CPU.ActiveCfg = Debug|Any CPU
		{EB85719B-A502-46E8-9B79-0A4DBECD3129}.Debug|Any CPU.Build.0 = Debug|Any CPU
		{EB85719B-A502-46E8-9B79-0A4DBECD3129}.Release|Any CPU.ActiveCfg = Release|Any CPU
		{EB85719B-A502-46E8-9B79-0A4DBECD3129}.Release|Any CPU.Build.0 = Release|Any CPU
	EndGlobalSection
	GlobalSection(SolutionProperties) = preSolution
		HideSolutionNode = FALSE
	EndGlobalSection
	GlobalSection(ExtensibilityGlobals) = postSolution
		SolutionGuid = {D128CC35-96B0-4FC4-8A82-784F9F52A9A7}
	EndGlobalSection
EndGlobal
